
Microsoft Visual Studio Solution File, Format Version 12.00
# Visual Studio Version 17
VisualStudioVersion = 17.6.33723.286
MinimumVisualStudioVersion = 10.0.40219.1
Project("{9A19103F-16F7-4668-BE54-9A1E7A4F7556}") = "RouteToCode.Domain", "RouteToCode.Domain\RouteToCode.Domain.csproj", "{C1A4AF7F-13F3-4190-AC2D-1CDB054BEC37}"
EndProject
Project("{9A19103F-16F7-4668-BE54-9A1E7A4F7556}") = "RouteToCode.Infrastructure", "RouteToCode.Infrastructure\RouteToCode.Infrastructure.csproj", "{C76AB482-14CF-4403-8742-4710F1E9E78B}"
EndProject
Project("{9A19103F-16F7-4668-BE54-9A1E7A4F7556}") = "RouteToCode.Application", "RouteToCode.Application\RouteToCode.Application.csproj", "{9C399B12-95BE-4A7B-BC2A-5A9193575C31}"
EndProject
Project("{9A19103F-16F7-4668-BE54-9A1E7A4F7556}") = "RouteToCode.loc", "RouteToCode.loc\RouteToCode.loc.csproj", "{C23B4069-7FF9-4887-BC26-9D33A9FFF0EC}"
EndProject
Project("{9A19103F-16F7-4668-BE54-9A1E7A4F7556}") = "RouteToCode.Api", "RouteToCode.Api\RouteToCode.Api.csproj", "{459728BA-490B-4279-B820-5AD9F7903FEE}"
EndProject
Global
	GlobalSection(SolutionConfigurationPlatforms) = preSolution
		Debug|Any CPU = Debug|Any CPU
		Release|Any CPU = Release|Any CPU
	EndGlobalSection
	GlobalSection(ProjectConfigurationPlatforms) = postSolution
		{C1A4AF7F-13F3-4190-AC2D-1CDB054BEC37}.Debug|Any CPU.ActiveCfg = Debug|Any CPU
		{C1A4AF7F-13F3-4190-AC2D-1CDB054BEC37}.Debug|Any CPU.Build.0 = Debug|Any CPU
		{C1A4AF7F-13F3-4190-AC2D-1CDB054BEC37}.Release|Any CPU.ActiveCfg = Release|Any CPU
		{C1A4AF7F-13F3-4190-AC2D-1CDB054BEC37}.Release|Any CPU.Build.0 = Release|Any CPU
		{C76AB482-14CF-4403-8742-4710F1E9E78B}.Debug|Any CPU.ActiveCfg = Debug|Any CPU
		{C76AB482-14CF-4403-8742-4710F1E9E78B}.Debug|Any CPU.Build.0 = Debug|Any CPU
		{C76AB482-14CF-4403-8742-4710F1E9E78B}.Release|Any CPU.ActiveCfg = Release|Any CPU
		{C76AB482-14CF-4403-8742-4710F1E9E78B}.Release|Any CPU.Build.0 = Release|Any CPU
		{9C399B12-95BE-4A7B-BC2A-5A9193575C31}.Debug|Any CPU.ActiveCfg = Debug|Any CPU
		{9C399B12-95BE-4A7B-BC2A-5A9193575C31}.Debug|Any CPU.Build.0 = Debug|Any CPU
		{9C399B12-95BE-4A7B-BC2A-5A9193575C31}.Release|Any CPU.ActiveCfg = Release|Any CPU
		{9C399B12-95BE-4A7B-BC2A-5A9193575C31}.Release|Any CPU.Build.0 = Release|Any CPU
		{C23B4069-7FF9-4887-BC26-9D33A9FFF0EC}.Debug|Any CPU.ActiveCfg = Debug|Any CPU
		{C23B4069-7FF9-4887-BC26-9D33A9FFF0EC}.Debug|Any CPU.Build.0 = Debug|Any CPU
		{C23B4069-7FF9-4887-BC26-9D33A9FFF0EC}.Release|Any CPU.ActiveCfg = Release|Any CPU
		{C23B4069-7FF9-4887-BC26-9D33A9FFF0EC}.Release|Any CPU.Build.0 = Release|Any CPU
		{459728BA-490B-4279-B820-5AD9F7903FEE}.Debug|Any CPU.ActiveCfg = Debug|Any CPU
		{459728BA-490B-4279-B820-5AD9F7903FEE}.Debug|Any CPU.Build.0 = Debug|Any CPU
		{459728BA-490B-4279-B820-5AD9F7903FEE}.Release|Any CPU.ActiveCfg = Release|Any CPU
		{459728BA-490B-4279-B820-5AD9F7903FEE}.Release|Any CPU.Build.0 = Release|Any CPU
	EndGlobalSection
	GlobalSection(SolutionProperties) = preSolution
		HideSolutionNode = FALSE
	EndGlobalSection
	GlobalSection(ExtensibilityGlobals) = postSolution
		SolutionGuid = {E89F7D50-7850-4799-8CA6-B8AF52A312A4}
	EndGlobalSection
EndGlobal
